
Microsoft Visual Studio Solution File, Format Version 12.00
# Visual Studio Version 17
VisualStudioVersion = 17.10.35122.118
MinimumVisualStudioVersion = 10.0.40219.1
Project("{9A19103F-16F7-4668-BE54-9A1E7A4F7556}") = "main.Domain", "main.Domain\main.Domain.csproj", "{2C1C77EF-27B6-4C38-8781-FA445C82D81D}"
EndProject
Project("{2150E333-8FDC-42A3-9474-1A3956D46DE8}") = "scr", "scr", "{7B3D3A5B-1A6B-49CD-B8EF-5783889B7C0A}"
EndProject
Project("{FAE04EC0-301F-11D3-BF4B-00C04F79EFBC}") = "main.DomainTest", "main.DomainTest\main.DomainTest.csproj", "{66C9FB48-8CD2-4B31-BE92-88D79A11A6A3}"
EndProject
Global
	GlobalSection(SolutionConfigurationPlatforms) = preSolution
		Debug|Any CPU = Debug|Any CPU
		Release|Any CPU = Release|Any CPU
	EndGlobalSection
	GlobalSection(ProjectConfigurationPlatforms) = postSolution
		{2C1C77EF-27B6-4C38-8781-FA445C82D81D}.Debug|Any CPU.ActiveCfg = Debug|Any CPU
		{2C1C77EF-27B6-4C38-8781-FA445C82D81D}.Debug|Any CPU.Build.0 = Debug|Any CPU
		{2C1C77EF-27B6-4C38-8781-FA445C82D81D}.Release|Any CPU.ActiveCfg = Release|Any CPU
		{2C1C77EF-27B6-4C38-8781-FA445C82D81D}.Release|Any CPU.Build.0 = Release|Any CPU
		{66C9FB48-8CD2-4B31-BE92-88D79A11A6A3}.Debug|Any CPU.ActiveCfg = Debug|Any CPU
		{66C9FB48-8CD2-4B31-BE92-88D79A11A6A3}.Debug|Any CPU.Build.0 = Debug|Any CPU
		{66C9FB48-8CD2-4B31-BE92-88D79A11A6A3}.Release|Any CPU.ActiveCfg = Release|Any CPU
		{66C9FB48-8CD2-4B31-BE92-88D79A11A6A3}.Release|Any CPU.Build.0 = Release|Any CPU
	EndGlobalSection
	GlobalSection(SolutionProperties) = preSolution
		HideSolutionNode = FALSE
	EndGlobalSection
	GlobalSection(NestedProjects) = preSolution
		{2C1C77EF-27B6-4C38-8781-FA445C82D81D} = {7B3D3A5B-1A6B-49CD-B8EF-5783889B7C0A}
		{66C9FB48-8CD2-4B31-BE92-88D79A11A6A3} = {7B3D3A5B-1A6B-49CD-B8EF-5783889B7C0A}
	EndGlobalSection
	GlobalSection(ExtensibilityGlobals) = postSolution
		SolutionGuid = {94780641-7AB0-47DF-AA0C-6AC9027B3ECA}
	EndGlobalSection
EndGlobal
